// !$*UTF8*$!
{
	archiveVersion = 1;
	classes = {
	};
	objectVersion = 46;
	objects = {

/* Begin PBXBuildFile section */
		5A7DDAC06D9658D9A8A74A6A /* Pods_Locatodo.framework in Frameworks */ = {isa = PBXBuildFile; fileRef = 7B574631B91C45FA7A93AAD8 /* Pods_Locatodo.framework */; };
		F5F903421D91695B00B7C238 /* AppDelegate.swift in Sources */ = {isa = PBXBuildFile; fileRef = F5F903411D91695B00B7C238 /* AppDelegate.swift */; };
		F5F903441D91695B00B7C238 /* ViewController.swift in Sources */ = {isa = PBXBuildFile; fileRef = F5F903431D91695B00B7C238 /* ViewController.swift */; };
		F5F903471D91695B00B7C238 /* Main.storyboard in Resources */ = {isa = PBXBuildFile; fileRef = F5F903451D91695B00B7C238 /* Main.storyboard */; };
		F5F903491D91695B00B7C238 /* Assets.xcassets in Resources */ = {isa = PBXBuildFile; fileRef = F5F903481D91695B00B7C238 /* Assets.xcassets */; };
		F5F9034C1D91695B00B7C238 /* LaunchScreen.storyboard in Resources */ = {isa = PBXBuildFile; fileRef = F5F9034A1D91695B00B7C238 /* LaunchScreen.storyboard */; };
		F5F903541D916B5900B7C238 /* Logger.swift in Sources */ = {isa = PBXBuildFile; fileRef = F5F903531D916B5900B7C238 /* Logger.swift */; };
		F5F903561D916BB500B7C238 /* Identifiable.swift in Sources */ = {isa = PBXBuildFile; fileRef = F5F903551D916BB500B7C238 /* Identifiable.swift */; };
		F5FA482E1D916FFA00837672 /* Convertible.swift in Sources */ = {isa = PBXBuildFile; fileRef = F5FA482D1D916FFA00837672 /* Convertible.swift */; };
		F5FA48321D91712100837672 /* Model.swift in Sources */ = {isa = PBXBuildFile; fileRef = F5FA48311D91712100837672 /* Model.swift */; };
		F5FA48341D9171BF00837672 /* Task.swift in Sources */ = {isa = PBXBuildFile; fileRef = F5FA48331D9171BF00837672 /* Task.swift */; };
		F5FA48361D91780900837672 /* RealmTask.swift in Sources */ = {isa = PBXBuildFile; fileRef = F5FA48351D91780900837672 /* RealmTask.swift */; };
/* End PBXBuildFile section */

/* Begin PBXFileReference section */
		407373D6F3361FEBBFF04827 /* Pods-Locatodo.debug.xcconfig */ = {isa = PBXFileReference; includeInIndex = 1; lastKnownFileType = text.xcconfig; name = "Pods-Locatodo.debug.xcconfig"; path = "Pods/Target Support Files/Pods-Locatodo/Pods-Locatodo.debug.xcconfig"; sourceTree = "<group>"; };
		7B574631B91C45FA7A93AAD8 /* Pods_Locatodo.framework */ = {isa = PBXFileReference; explicitFileType = wrapper.framework; includeInIndex = 0; path = Pods_Locatodo.framework; sourceTree = BUILT_PRODUCTS_DIR; };
		A05A2D5535642BC74FC6A6A6 /* Pods-Locatodo.release.xcconfig */ = {isa = PBXFileReference; includeInIndex = 1; lastKnownFileType = text.xcconfig; name = "Pods-Locatodo.release.xcconfig"; path = "Pods/Target Support Files/Pods-Locatodo/Pods-Locatodo.release.xcconfig"; sourceTree = "<group>"; };
		F5F9033E1D91695B00B7C238 /* Locatodo.app */ = {isa = PBXFileReference; explicitFileType = wrapper.application; includeInIndex = 0; path = Locatodo.app; sourceTree = BUILT_PRODUCTS_DIR; };
		F5F903411D91695B00B7C238 /* AppDelegate.swift */ = {isa = PBXFileReference; lastKnownFileType = sourcecode.swift; path = AppDelegate.swift; sourceTree = "<group>"; };
		F5F903431D91695B00B7C238 /* ViewController.swift */ = {isa = PBXFileReference; lastKnownFileType = sourcecode.swift; path = ViewController.swift; sourceTree = "<group>"; };
		F5F903461D91695B00B7C238 /* Base */ = {isa = PBXFileReference; lastKnownFileType = file.storyboard; name = Base; path = Base.lproj/Main.storyboard; sourceTree = "<group>"; };
		F5F903481D91695B00B7C238 /* Assets.xcassets */ = {isa = PBXFileReference; lastKnownFileType = folder.assetcatalog; path = Assets.xcassets; sourceTree = "<group>"; };
		F5F9034B1D91695B00B7C238 /* Base */ = {isa = PBXFileReference; lastKnownFileType = file.storyboard; name = Base; path = Base.lproj/LaunchScreen.storyboard; sourceTree = "<group>"; };
		F5F9034D1D91695B00B7C238 /* Info.plist */ = {isa = PBXFileReference; lastKnownFileType = text.plist.xml; path = Info.plist; sourceTree = "<group>"; };
		F5F903531D916B5900B7C238 /* Logger.swift */ = {isa = PBXFileReference; fileEncoding = 4; lastKnownFileType = sourcecode.swift; path = Logger.swift; sourceTree = "<group>"; };
		F5F903551D916BB500B7C238 /* Identifiable.swift */ = {isa = PBXFileReference; fileEncoding = 4; lastKnownFileType = sourcecode.swift; path = Identifiable.swift; sourceTree = "<group>"; };
		F5FA482D1D916FFA00837672 /* Convertible.swift */ = {isa = PBXFileReference; fileEncoding = 4; lastKnownFileType = sourcecode.swift; path = Convertible.swift; sourceTree = "<group>"; };
		F5FA48311D91712100837672 /* Model.swift */ = {isa = PBXFileReference; fileEncoding = 4; lastKnownFileType = sourcecode.swift; path = Model.swift; sourceTree = "<group>"; };
		F5FA48331D9171BF00837672 /* Task.swift */ = {isa = PBXFileReference; fileEncoding = 4; lastKnownFileType = sourcecode.swift; path = Task.swift; sourceTree = "<group>"; };
		F5FA48351D91780900837672 /* RealmTask.swift */ = {isa = PBXFileReference; fileEncoding = 4; lastKnownFileType = sourcecode.swift; path = RealmTask.swift; sourceTree = "<group>"; };
/* End PBXFileReference section */

/* Begin PBXFrameworksBuildPhase section */
		F5F9033B1D91695B00B7C238 /* Frameworks */ = {
			isa = PBXFrameworksBuildPhase;
			buildActionMask = 2147483647;
			files = (
				5A7DDAC06D9658D9A8A74A6A /* Pods_Locatodo.framework in Frameworks */,
			);
			runOnlyForDeploymentPostprocessing = 0;
		};
/* End PBXFrameworksBuildPhase section */

/* Begin PBXGroup section */
		AADA320465D26C815199C66E /* Pods */ = {
			isa = PBXGroup;
			children = (
				407373D6F3361FEBBFF04827 /* Pods-Locatodo.debug.xcconfig */,
				A05A2D5535642BC74FC6A6A6 /* Pods-Locatodo.release.xcconfig */,
			);
			name = Pods;
			sourceTree = "<group>";
		};
		F2DEE1AFAD64D03EA41CAA99 /* Frameworks */ = {
			isa = PBXGroup;
			children = (
				7B574631B91C45FA7A93AAD8 /* Pods_Locatodo.framework */,
			);
			name = Frameworks;
			sourceTree = "<group>";
		};
		F5F903351D91695B00B7C238 = {
			isa = PBXGroup;
			children = (
				F5F903401D91695B00B7C238 /* Locatodo */,
				F5F9033F1D91695B00B7C238 /* Products */,
				AADA320465D26C815199C66E /* Pods */,
				F2DEE1AFAD64D03EA41CAA99 /* Frameworks */,
			);
			sourceTree = "<group>";
		};
		F5F9033F1D91695B00B7C238 /* Products */ = {
			isa = PBXGroup;
			children = (
				F5F9033E1D91695B00B7C238 /* Locatodo.app */,
			);
			name = Products;
			sourceTree = "<group>";
		};
		F5F903401D91695B00B7C238 /* Locatodo */ = {
			isa = PBXGroup;
			children = (
				F5F903411D91695B00B7C238 /* AppDelegate.swift */,
				F5F903431D91695B00B7C238 /* ViewController.swift */,
				F5F903531D916B5900B7C238 /* Logger.swift */,
				F5F903551D916BB500B7C238 /* Identifiable.swift */,
				F5FA482D1D916FFA00837672 /* Convertible.swift */,
				F5FA48311D91712100837672 /* Model.swift */,
				F5FA48351D91780900837672 /* RealmTask.swift */,
				F5FA48331D9171BF00837672 /* Task.swift */,
				F5F903451D91695B00B7C238 /* Main.storyboard */,
				F5F903481D91695B00B7C238 /* Assets.xcassets */,
				F5F9034A1D91695B00B7C238 /* LaunchScreen.storyboard */,
				F5F9034D1D91695B00B7C238 /* Info.plist */,
			);
			path = Locatodo;
			sourceTree = "<group>";
		};
/* End PBXGroup section */

/* Begin PBXNativeTarget section */
		F5F9033D1D91695B00B7C238 /* Locatodo */ = {
			isa = PBXNativeTarget;
			buildConfigurationList = F5F903501D91695B00B7C238 /* Build configuration list for PBXNativeTarget "Locatodo" */;
			buildPhases = (
				E8C4D69DE4085A2D5065E18F /* [CP] Check Pods Manifest.lock */,
				F5F9033A1D91695B00B7C238 /* Sources */,
				F5F9033B1D91695B00B7C238 /* Frameworks */,
				F5F9033C1D91695B00B7C238 /* Resources */,
				C69E073C700889C7AF5EA7B5 /* [CP] Embed Pods Frameworks */,
				E65151780EA30CAA6CD2B1E0 /* [CP] Copy Pods Resources */,
			);
			buildRules = (
			);
			dependencies = (
			);
			name = Locatodo;
			productName = Locatodo;
			productReference = F5F9033E1D91695B00B7C238 /* Locatodo.app */;
			productType = "com.apple.product-type.application";
		};
/* End PBXNativeTarget section */

/* Begin PBXProject section */
		F5F903361D91695B00B7C238 /* Project object */ = {
			isa = PBXProject;
			attributes = {
				LastSwiftUpdateCheck = 0800;
				LastUpgradeCheck = 0800;
				ORGANIZATIONNAME = "Tetsuro Mikami";
				TargetAttributes = {
					F5F9033D1D91695B00B7C238 = {
						CreatedOnToolsVersion = 8.0;
						DevelopmentTeam = AZ28EH9G9N;
						ProvisioningStyle = Automatic;
					};
				};
			};
			buildConfigurationList = F5F903391D91695B00B7C238 /* Build configuration list for PBXProject "Locatodo" */;
			compatibilityVersion = "Xcode 3.2";
			developmentRegion = English;
			hasScannedForEncodings = 0;
			knownRegions = (
				en,
				Base,
			);
			mainGroup = F5F903351D91695B00B7C238;
			productRefGroup = F5F9033F1D91695B00B7C238 /* Products */;
			projectDirPath = "";
			projectRoot = "";
			targets = (
				F5F9033D1D91695B00B7C238 /* Locatodo */,
			);
		};
/* End PBXProject section */

/* Begin PBXResourcesBuildPhase section */
		F5F9033C1D91695B00B7C238 /* Resources */ = {
			isa = PBXResourcesBuildPhase;
			buildActionMask = 2147483647;
			files = (
				F5F9034C1D91695B00B7C238 /* LaunchScreen.storyboard in Resources */,
				F5F903491D91695B00B7C238 /* Assets.xcassets in Resources */,
				F5F903471D91695B00B7C238 /* Main.storyboard in Resources */,
			);
			runOnlyForDeploymentPostprocessing = 0;
		};
/* End PBXResourcesBuildPhase section */

/* Begin PBXShellScriptBuildPhase section */
		C69E073C700889C7AF5EA7B5 /* [CP] Embed Pods Frameworks */ = {
			isa = PBXShellScriptBuildPhase;
			buildActionMask = 2147483647;
			files = (
			);
			inputPaths = (
			);
			name = "[CP] Embed Pods Frameworks";
			outputPaths = (
			);
			runOnlyForDeploymentPostprocessing = 0;
			shellPath = /bin/sh;
			shellScript = "\"${SRCROOT}/Pods/Target Support Files/Pods-Locatodo/Pods-Locatodo-frameworks.sh\"\n";
			showEnvVarsInLog = 0;
		};
		E65151780EA30CAA6CD2B1E0 /* [CP] Copy Pods Resources */ = {
			isa = PBXShellScriptBuildPhase;
			buildActionMask = 2147483647;
			files = (
			);
			inputPaths = (
			);
			name = "[CP] Copy Pods Resources";
			outputPaths = (
			);
			runOnlyForDeploymentPostprocessing = 0;
			shellPath = /bin/sh;
			shellScript = "\"${SRCROOT}/Pods/Target Support Files/Pods-Locatodo/Pods-Locatodo-resources.sh\"\n";
			showEnvVarsInLog = 0;
		};
		E8C4D69DE4085A2D5065E18F /* [CP] Check Pods Manifest.lock */ = {
			isa = PBXShellScriptBuildPhase;
			buildActionMask = 2147483647;
			files = (
			);
			inputPaths = (
			);
			name = "[CP] Check Pods Manifest.lock";
			outputPaths = (
			);
			runOnlyForDeploymentPostprocessing = 0;
			shellPath = /bin/sh;
			shellScript = "diff \"${PODS_ROOT}/../Podfile.lock\" \"${PODS_ROOT}/Manifest.lock\" > /dev/null\nif [[ $? != 0 ]] ; then\n    cat << EOM\nerror: The sandbox is not in sync with the Podfile.lock. Run 'pod install' or update your CocoaPods installation.\nEOM\n    exit 1\nfi\n";
			showEnvVarsInLog = 0;
		};
/* End PBXShellScriptBuildPhase section */

/* Begin PBXSourcesBuildPhase section */
		F5F9033A1D91695B00B7C238 /* Sources */ = {
			isa = PBXSourcesBuildPhase;
			buildActionMask = 2147483647;
			files = (
				F5F903441D91695B00B7C238 /* ViewController.swift in Sources */,
				F5F903561D916BB500B7C238 /* Identifiable.swift in Sources */,
				F5F903541D916B5900B7C238 /* Logger.swift in Sources */,
				F5FA48321D91712100837672 /* Model.swift in Sources */,
				F5FA482E1D916FFA00837672 /* Convertible.swift in Sources */,
				F5FA48341D9171BF00837672 /* Task.swift in Sources */,
				F5FA48361D91780900837672 /* RealmTask.swift in Sources */,
				F5F903421D91695B00B7C238 /* AppDelegate.swift in Sources */,
			);
			runOnlyForDeploymentPostprocessing = 0;
		};
/* End PBXSourcesBuildPhase section */

/* Begin PBXVariantGroup section */
		F5F903451D91695B00B7C238 /* Main.storyboard */ = {
			isa = PBXVariantGroup;
			children = (
				F5F903461D91695B00B7C238 /* Base */,
			);
			name = Main.storyboard;
			sourceTree = "<group>";
		};
		F5F9034A1D91695B00B7C238 /* LaunchScreen.storyboard */ = {
			isa = PBXVariantGroup;
			children = (
				F5F9034B1D91695B00B7C238 /* Base */,
			);
			name = LaunchScreen.storyboard;
			sourceTree = "<group>";
		};
/* End PBXVariantGroup section */

/* Begin XCBuildConfiguration section */
		F5F9034E1D91695B00B7C238 /* Debug */ = {
			isa = XCBuildConfiguration;
			buildSettings = {
				ALWAYS_SEARCH_USER_PATHS = NO;
				CLANG_ANALYZER_NONNULL = YES;
				CLANG_CXX_LANGUAGE_STANDARD = "gnu++0x";
				CLANG_CXX_LIBRARY = "libc++";
				CLANG_ENABLE_MODULES = YES;
				CLANG_ENABLE_OBJC_ARC = YES;
				CLANG_WARN_BOOL_CONVERSION = YES;
				CLANG_WARN_CONSTANT_CONVERSION = YES;
				CLANG_WARN_DIRECT_OBJC_ISA_USAGE = YES_ERROR;
				CLANG_WARN_DOCUMENTATION_COMMENTS = YES;
				CLANG_WARN_EMPTY_BODY = YES;
				CLANG_WARN_ENUM_CONVERSION = YES;
				CLANG_WARN_INFINITE_RECURSION = YES;
				CLANG_WARN_INT_CONVERSION = YES;
				CLANG_WARN_OBJC_ROOT_CLASS = YES_ERROR;
				CLANG_WARN_SUSPICIOUS_MOVES = YES;
				CLANG_WARN_UNREACHABLE_CODE = YES;
				CLANG_WARN__DUPLICATE_METHOD_MATCH = YES;
				"CODE_SIGN_IDENTITY[sdk=iphoneos*]" = "iPhone Developer";
				COPY_PHASE_STRIP = NO;
				DEBUG_INFORMATION_FORMAT = dwarf;
				ENABLE_STRICT_OBJC_MSGSEND = YES;
				ENABLE_TESTABILITY = YES;
				GCC_C_LANGUAGE_STANDARD = gnu99;
				GCC_DYNAMIC_NO_PIC = NO;
				GCC_NO_COMMON_BLOCKS = YES;
				GCC_OPTIMIZATION_LEVEL = 0;
				GCC_PREPROCESSOR_DEFINITIONS = (
					"DEBUG=1",
					"$(inherited)",
				);
				GCC_WARN_64_TO_32_BIT_CONVERSION = YES;
				GCC_WARN_ABOUT_RETURN_TYPE = YES_ERROR;
				GCC_WARN_UNDECLARED_SELECTOR = YES;
				GCC_WARN_UNINITIALIZED_AUTOS = YES_AGGRESSIVE;
				GCC_WARN_UNUSED_FUNCTION = YES;
				GCC_WARN_UNUSED_VARIABLE = YES;
				IPHONEOS_DEPLOYMENT_TARGET = 10.0;
				MTL_ENABLE_DEBUG_INFO = YES;
				ONLY_ACTIVE_ARCH = YES;
				SDKROOT = iphoneos;
				SWIFT_ACTIVE_COMPILATION_CONDITIONS = DEBUG;
				SWIFT_OPTIMIZATION_LEVEL = "-Onone";
				TARGETED_DEVICE_FAMILY = "1,2";
			};
			name = Debug;
		};
		F5F9034F1D91695B00B7C238 /* Release */ = {
			isa = XCBuildConfiguration;
			buildSettings = {
				ALWAYS_SEARCH_USER_PATHS = NO;
				CLANG_ANALYZER_NONNULL = YES;
				CLANG_CXX_LANGUAGE_STANDARD = "gnu++0x";
				CLANG_CXX_LIBRARY = "libc++";
				CLANG_ENABLE_MODULES = YES;
				CLANG_ENABLE_OBJC_ARC = YES;
				CLANG_WARN_BOOL_CONVERSION = YES;
				CLANG_WARN_CONSTANT_CONVERSION = YES;
				CLANG_WARN_DIRECT_OBJC_ISA_USAGE = YES_ERROR;
				CLANG_WARN_DOCUMENTATION_COMMENTS = YES;
				CLANG_WARN_EMPTY_BODY = YES;
				CLANG_WARN_ENUM_CONVERSION = YES;
				CLANG_WARN_INFINITE_RECURSION = YES;
				CLANG_WARN_INT_CONVERSION = YES;
				CLANG_WARN_OBJC_ROOT_CLASS = YES_ERROR;
				CLANG_WARN_SUSPICIOUS_MOVES = YES;
				CLANG_WARN_UNREACHABLE_CODE = YES;
				CLANG_WARN__DUPLICATE_METHOD_MATCH = YES;
				"CODE_SIGN_IDENTITY[sdk=iphoneos*]" = "iPhone Developer";
				COPY_PHASE_STRIP = NO;
				DEBUG_INFORMATION_FORMAT = "dwarf-with-dsym";
				ENABLE_NS_ASSERTIONS = NO;
				ENABLE_STRICT_OBJC_MSGSEND = YES;
				GCC_C_LANGUAGE_STANDARD = gnu99;
				GCC_NO_COMMON_BLOCKS = YES;
				GCC_WARN_64_TO_32_BIT_CONVERSION = YES;
				GCC_WARN_ABOUT_RETURN_TYPE = YES_ERROR;
				GCC_WARN_UNDECLARED_SELECTOR = YES;
				GCC_WARN_UNINITIALIZED_AUTOS = YES_AGGRESSIVE;
				GCC_WARN_UNUSED_FUNCTION = YES;
				GCC_WARN_UNUSED_VARIABLE = YES;
				IPHONEOS_DEPLOYMENT_TARGET = 10.0;
				MTL_ENABLE_DEBUG_INFO = NO;
				SDKROOT = iphoneos;
				SWIFT_OPTIMIZATION_LEVEL = "-Owholemodule";
				TARGETED_DEVICE_FAMILY = "1,2";
				VALIDATE_PRODUCT = YES;
			};
			name = Release;
		};
		F5F903511D91695B00B7C238 /* Debug */ = {
			isa = XCBuildConfiguration;
			baseConfigurationReference = 407373D6F3361FEBBFF04827 /* Pods-Locatodo.debug.xcconfig */;
			buildSettings = {
				ASSETCATALOG_COMPILER_APPICON_NAME = AppIcon;
				DEVELOPMENT_TEAM = AZ28EH9G9N;
				INFOPLIST_FILE = Locatodo/Info.plist;
				LD_RUNPATH_SEARCH_PATHS = "$(inherited) @executable_path/Frameworks";
				PRODUCT_BUNDLE_IDENTIFIER = com.mickamy.Locatodo;
				PRODUCT_NAME = "$(TARGET_NAME)";
				SWIFT_VERSION = 3.0;
			};
			name = Debug;
		};
		F5F903521D91695B00B7C238 /* Release */ = {
			isa = XCBuildConfiguration;
			baseConfigurationReference = A05A2D5535642BC74FC6A6A6 /* Pods-Locatodo.release.xcconfig */;
			buildSettings = {
				ASSETCATALOG_COMPILER_APPICON_NAME = AppIcon;
				DEVELOPMENT_TEAM = AZ28EH9G9N;
				INFOPLIST_FILE = Locatodo/Info.plist;
				LD_RUNPATH_SEARCH_PATHS = "$(inherited) @executable_path/Frameworks";
				PRODUCT_BUNDLE_IDENTIFIER = com.mickamy.Locatodo;
				PRODUCT_NAME = "$(TARGET_NAME)";
				SWIFT_VERSION = 3.0;
			};
			name = Release;
		};
/* End XCBuildConfiguration section */

/* Begin XCConfigurationList section */
		F5F903391D91695B00B7C238 /* Build configuration list for PBXProject "Locatodo" */ = {
			isa = XCConfigurationList;
			buildConfigurations = (
				F5F9034E1D91695B00B7C238 /* Debug */,
				F5F9034F1D91695B00B7C238 /* Release */,
			);
			defaultConfigurationIsVisible = 0;
			defaultConfigurationName = Release;
		};
		F5F903501D91695B00B7C238 /* Build configuration list for PBXNativeTarget "Locatodo" */ = {
			isa = XCConfigurationList;
			buildConfigurations = (
				F5F903511D91695B00B7C238 /* Debug */,
				F5F903521D91695B00B7C238 /* Release */,
			);
			defaultConfigurationIsVisible = 0;
			defaultConfigurationName = Release;
		};
/* End XCConfigurationList section */
	};
	rootObject = F5F903361D91695B00B7C238 /* Project object */;
}
